
Microsoft Visual Studio Solution File, Format Version 12.00
# Visual Studio Version 16
VisualStudioVersion = 16.0.32002.261
MinimumVisualStudioVersion = 10.0.40219.1
Project("{FAE04EC0-301F-11D3-BF4B-00C04F79EFBC}") = "Laba 9 variant 2 Wpf", "Laba 9 variant 2 Wpf\Laba 9 variant 2 Wpf.csproj", "{35869917-A18D-4C21-B63A-7A2B23AAAEF0}"
EndProject
Global
	GlobalSection(SolutionConfigurationPlatforms) = preSolution
		Debug|Any CPU = Debug|Any CPU
		Release|Any CPU = Release|Any CPU
	EndGlobalSection
	GlobalSection(ProjectConfigurationPlatforms) = postSolution
		{35869917-A18D-4C21-B63A-7A2B23AAAEF0}.Debug|Any CPU.ActiveCfg = Debug|Any CPU
		{35869917-A18D-4C21-B63A-7A2B23AAAEF0}.Debug|Any CPU.Build.0 = Debug|Any CPU
		{35869917-A18D-4C21-B63A-7A2B23AAAEF0}.Release|Any CPU.ActiveCfg = Release|Any CPU
		{35869917-A18D-4C21-B63A-7A2B23AAAEF0}.Release|Any CPU.Build.0 = Release|Any CPU
	EndGlobalSection
	GlobalSection(SolutionProperties) = preSolution
		HideSolutionNode = FALSE
	EndGlobalSection
	GlobalSection(ExtensibilityGlobals) = postSolution
		SolutionGuid = {7121C275-0DB4-4C33-A92E-9C2AC6CF9781}
	EndGlobalSection
EndGlobal
